<?xml version="1.0" encoding="utf-8"?>
<Project ToolsVersion="4.0" xmlns="http://schemas.microsoft.com/developer/msbuild/2003">
  <ItemGroup>
    <FxCompile Include="Resource\shader\ObjPS.hlsl">
      <Filter>Shader File\Obj</Filter>
    </FxCompile>
    <FxCompile Include="Resource\shader\ObjVS.hlsl">
      <Filter>Shader File\Obj</Filter>
    </FxCompile>
    <FxCompile Include="Resource\shader\SpritePS.hlsl">
      <Filter>Shader File\Sprite</Filter>
    </FxCompile>
    <FxCompile Include="Resource\shader\SpriteVS.hlsl">
      <Filter>Shader File\Sprite</Filter>
    </FxCompile>
  </ItemGroup>
  <ItemGroup>
    <ClCompile Include="Application\Function\Collider\CollisionManager.cpp" />
    <ClCompile Include="Application\Function\Collider\CollisionPrimitive.cpp" />
    <ClCompile Include="Application\Function\Collider\SphereCollider.cpp" />
    <ClCompile Include="Application\Game\Scene\GamePlayScene.cpp" />
    <ClCompile Include="Application\Game\Scene\Manager\BaseScene.cpp" />
    <ClCompile Include="Application\Game\Skydome\Skydome.cpp" />
    <ClCompile Include="Application\Game\Stage\Stage.cpp" />
    <ClCompile Include="Application\Game\Stage\Switch.cpp" />
    <ClCompile Include="Application\Math\MyMath.cpp" />
    <ClCompile Include="Application\Math\Quaternion.cpp" />
    <ClCompile Include="Engine\Audio\Audio.cpp" />
    <ClCompile Include="Engine\3d\Camera\Camera.cpp" />
    <ClCompile Include="Application\Function\Collider\Collision.cpp" />
    <ClCompile Include="Application\Function\Cursor.cpp" />
    <ClCompile Include="Application\Base\DirectXBasis.cpp" />
    <ClCompile Include="Engine\2d\DrawBasis.cpp" />
    <ClCompile Include="Application\Base\FixFPS.cpp" />
    <ClCompile Include="Application\Base\Framework.cpp" />
    <ClCompile Include="Application\Game\GameMain.cpp" />
    <ClCompile Include="Application\Base\Input.cpp" />
    <ClCompile Include="Engine\3d\Light\Light.cpp" />
    <ClCompile Include="Engine\Debugger\DebugText.cpp" />
    <ClCompile Include="Engine\Debugger\ImGuiManager.cpp" />
    <ClCompile Include="main.cpp" />
    <ClCompile Include="Engine\3d\Object\Material.cpp" />
    <ClCompile Include="Application\Math\Matrix4.cpp" />
    <ClCompile Include="Engine\3d\Object\Mesh.cpp" />
    <ClCompile Include="Engine\3d\Object\Model.cpp" />
    <ClCompile Include="Engine\3d\Object\Object3d.cpp" />
    <ClCompile Include="Application\Function\Random.cpp" />
    <ClCompile Include="Application\Game\Scene\Manager\SceneFactory.cpp" />
    <ClCompile Include="Application\Game\Scene\Manager\SceneManager.cpp" />
    <ClCompile Include="Engine\2d\Sprite.cpp" />
    <ClCompile Include="Application\Game\Scene\TitleScene.cpp" />
    <ClCompile Include="Application\Math\Vector2.cpp" />
    <ClCompile Include="Application\Math\Vector3.cpp" />
    <ClCompile Include="Application\Math\Vector4.cpp" />
    <ClCompile Include="Engine\ConstBuffer\ViewProjection.cpp" />
    <ClCompile Include="Application\Base\WinApp.cpp" />
    <ClCompile Include="Engine\ConstBuffer\WorldTransform.cpp" />
    <ClCompile Include="Application\Game\Player\Player.cpp" />
  </ItemGroup>
  <ItemGroup>
    <ClInclude Include="Application\Function\Collider\BaseCollider.h" />
    <ClInclude Include="Application\Function\Collider\CollisionInfo.h" />
    <ClInclude Include="Application\Function\Collider\CollisionManager.h" />
    <ClInclude Include="Application\Function\Collider\CollisionPrimitive.h" />
    <ClInclude Include="Application\Function\Collider\CollisionTypes.h" />
    <ClInclude Include="Application\Function\Collider\RaycastHit.h" />
    <ClInclude Include="Application\Function\Collider\SphereCollider.h" />
    <ClInclude Include="Application\Game\GameMain.h" />
    <ClInclude Include="Application\Game\Scene\Manager\AbstractSceneFactory.h" />
    <ClInclude Include="Application\Game\Scene\Manager\BaseScene.h" />
    <ClInclude Include="Application\Game\Skydome\Skydome.h" />
    <ClInclude Include="Application\Game\Stage\Stage.h" />
    <ClInclude Include="Application\Game\Stage\Switch.h" />
    <ClInclude Include="Application\Math\MyMath.h" />
    <ClInclude Include="Application\Math\Quaternion.h" />
    <ClInclude Include="Engine\Audio\Audio.h" />
    <ClInclude Include="Engine\3d\Camera\Camera.h" />
    <ClInclude Include="Application\Function\Collider\Collision.h" />
    <ClInclude Include="Application\Function\Cursor.h" />
    <ClInclude Include="Engine\Debugger\DebugText.h" />
    <ClInclude Include="Application\Base\DirectXBasis.h" />
    <ClInclude Include="Engine\2d\DrawBasis.h" />
    <ClInclude Include="Application\Base\FixFPS.h" />
    <ClInclude Include="Application\Base\Framework.h" />
    <ClInclude Include="Application\Game\Scene\GamePlayScene.h" />
    <ClInclude Include="Application\Base\Input.h" />
    <ClInclude Include="Engine\3d\Light\Light.h" />
    <ClInclude Include="Engine\3d\Object\Material.h" />
    <ClInclude Include="Application\Math\Matrix4.h" />
    <ClInclude Include="Engine\3d\Object\Mesh.h" />
    <ClInclude Include="Engine\3d\Object\Model.h" />
    <ClInclude Include="Engine\3d\Object\Object3d.h" />
    <ClInclude Include="Application\Function\Random.h" />
    <ClInclude Include="Application\Function\SafeDelete.h" />
    <ClInclude Include="Application\Game\Scene\Manager\SceneFactory.h" />
    <ClInclude Include="Application\Game\Scene\Manager\SceneManager.h" />
    <ClInclude Include="Engine\2d\Sprite.h" />
    <ClInclude Include="Application\Game\Scene\TitleScene.h" />
    <ClInclude Include="Application\Math\Vector2.h" />
    <ClInclude Include="Application\Math\Vector3.h" />
    <ClInclude Include="Application\Math\Vector4.h" />
    <ClInclude Include="Engine\ConstBuffer\ViewProjection.h" />
    <ClInclude Include="Application\Base\WinApp.h" />
    <ClInclude Include="Engine\ConstBuffer\WorldTransform.h" />
    <ClInclude Include="Engine\Debugger\ImGuiManager.h" />
    <ClInclude Include="Application\Game\Player\Player.h" />
  </ItemGroup>
  <ItemGroup>
    <None Include="Resource\shader\Obj.hlsli">
      <Filter>Shader File\Obj</Filter>
    </None>
    <None Include="Resource\shader\Sprite.hlsli">
      <Filter>Shader File\Sprite</Filter>
    </None>
  </ItemGroup>
  <ItemGroup>
    <Filter Include="Shader File">
      <UniqueIdentifier>{67bb4a08-2d55-4d85-b417-c47bbd76c25e}</UniqueIdentifier>
    </Filter>
    <Filter Include="Source File">
      <UniqueIdentifier>{2973dbe3-5e51-4ee6-8dbd-aa9e14ef49de}</UniqueIdentifier>
    </Filter>
    <Filter Include="Header File">
      <UniqueIdentifier>{a81ed3ca-f642-4348-b207-b300be63af08}</UniqueIdentifier>
    </Filter>
    <Filter Include="Resource File">
      <UniqueIdentifier>{5eb6c6c2-b714-43f1-a7f1-099e9f30a2bd}</UniqueIdentifier>
    </Filter>
    <Filter Include="Shader File\Obj">
      <UniqueIdentifier>{840c577c-91c3-4ea3-b7cf-44da30c40da1}</UniqueIdentifier>
    </Filter>
    <Filter Include="Shader File\Sprite">
      <UniqueIdentifier>{ea6963d0-9379-4ce5-8f12-6a1a5dcacce0}</UniqueIdentifier>
    </Filter>
  </ItemGroup>
</Project>